<?xml version="1.0" encoding="utf-8"?>
<Project ToolsVersion="4.0" xmlns="http://schemas.microsoft.com/developer/msbuild/2003">
  <ItemGroup>
    <Filter Include="Source Files">
      <UniqueIdentifier>{4FC737F1-C7A5-4376-A066-2A32D752A2FF}</UniqueIdentifier>
      <Extensions>cpp;c;cc;cxx;def;odl;idl;hpj;bat;asm;asmx</Extensions>
    </Filter>
    <Filter Include="Header Files">
      <UniqueIdentifier>{93995380-89BD-4b04-88EB-625FBE52EBFB}</UniqueIdentifier>
      <Extensions>h;hh;hpp;hxx;hm;inl;inc;ipp;xsd</Extensions>
    </Filter>
    <Filter Include="Resource Files">
      <UniqueIdentifier>{67DA6AB6-F800-4c08-8B7A-83BB121AAD01}</UniqueIdentifier>
      <Extensions>rc;ico;cur;bmp;dlg;rc2;rct;bin;rgs;gif;jpg;jpeg;jpe;resx;tiff;tif;png;wav;mfcribbon-ms</Extensions>
    </Filter>
    <Filter Include="binary">
      <UniqueIdentifier>{0762206f-5522-434a-8b32-9a916026733a}</UniqueIdentifier>
    </Filter>
    <Filter Include="Library">
      <UniqueIdentifier>{a4812caa-8d27-4c20-837e-e4b8e8bef5ab}</UniqueIdentifier>
    </Filter>
    <Filter Include="Library\MD5">
      <UniqueIdentifier>{cb84917a-6ff2-4441-8ae3-2242e319f00d}</UniqueIdentifier>
    </Filter>
    <Filter Include="module">
      <UniqueIdentifier>{43621fa9-98a0-4013-afd4-30cbfab4590f}</UniqueIdentifier>
    </Filter>
  </ItemGroup>
  <ItemGroup>
    <ClInclude Include="framework.h">
      <Filter>Header Files</Filter>
    </ClInclude>
    <ClInclude Include="targetver.h">
      <Filter>Header Files</Filter>
    </ClInclude>
    <ClInclude Include="Resource.h">
      <Filter>Header Files</Filter>
    </ClInclude>
    <ClInclude Include="CAgent.h">
      <Filter>Header Files</Filter>
    </ClInclude>
    <ClInclude Include="CThread.h">
      <Filter>Header Files</Filter>
    </ClInclude>
    <ClInclude Include="..\include\yagent.h">
      <Filter>Header Files</Filter>
    </ClInclude>
    <ClInclude Include="..\include\yagent.define.h">
      <Filter>Header Files</Filter>
    </ClInclude>
    <ClInclude Include="..\include\IFilterCtrl.h">
      <Filter>Header Files</Filter>
    </ClInclude>
    <ClInclude Include="CDialog.h">
      <Filter>Header Files</Filter>
    </ClInclude>
    <ClInclude Include="..\include\CException.h">
      <Filter>Header Files</Filter>
    </ClInclude>
    <ClInclude Include="CEventCallback.h">
      <Filter>Header Files</Filter>
    </ClInclude>
    <ClInclude Include="CProcessCallback.h">
      <Filter>Header Files</Filter>
    </ClInclude>
    <ClInclude Include="CThreadCallback.h">
      <Filter>Header Files</Filter>
    </ClInclude>
    <ClInclude Include="CModuleCallback.h">
      <Filter>Header Files</Filter>
    </ClInclude>
    <ClInclude Include="CPreProcess.h">
      <Filter>Header Files</Filter>
    </ClInclude>
    <ClInclude Include="CNtDll.h">
      <Filter>Header Files</Filter>
    </ClInclude>
    <ClInclude Include="MD5\Global.h">
      <Filter>Library\MD5</Filter>
    </ClInclude>
    <ClInclude Include="MD5\MD5.h">
      <Filter>Library\MD5</Filter>
    </ClInclude>
    <ClInclude Include="CBootCallback.h">
      <Filter>Header Files</Filter>
    </ClInclude>
    <ClInclude Include="..\module\IObject.h">
      <Filter>Header Files</Filter>
    </ClInclude>
    <ClInclude Include="..\module\CService.h">
      <Filter>module</Filter>
    </ClInclude>
    <ClInclude Include="..\module\IService.h">
      <Filter>module</Filter>
    </ClInclude>
    <ClInclude Include="..\include\CAppLog.h">
      <Filter>Header Files</Filter>
    </ClInclude>
    <ClInclude Include="..\include\INotifyCenter.h">
      <Filter>Header Files</Filter>
    </ClInclude>
    <ClInclude Include="..\include\CNotifyCenter.h">
      <Filter>Header Files</Filter>
    </ClInclude>
    <ClInclude Include="..\include\CIpc.h">
      <Filter>Header Files</Filter>
    </ClInclude>
    <ClInclude Include="..\include\IIPc.h">
      <Filter>Header Files</Filter>
    </ClInclude>
    <ClInclude Include="..\include\CProtect.h">
      <Filter>Header Files</Filter>
    </ClInclude>
    <ClInclude Include="..\include\CPathConvertor.h">
      <Filter>Header Files</Filter>
    </ClInclude>
    <ClInclude Include="..\include\yagent.string.h">
      <Filter>Header Files</Filter>
    </ClInclude>
    <ClInclude Include="..\include\yagent.common.h">
      <Filter>Header Files</Filter>
    </ClInclude>
    <ClInclude Include="..\module\CDB.h">
      <Filter>module</Filter>
    </ClInclude>
    <ClInclude Include="..\include\yagent.json.h">
      <Filter>Header Files</Filter>
    </ClInclude>
    <ClInclude Include="CRegisryCallback.h">
      <Filter>Header Files</Filter>
    </ClInclude>
    <ClInclude Include="undocumented.h">
      <Filter>Source Files</Filter>
    </ClInclude>
  </ItemGroup>
  <ItemGroup>
    <ResourceCompile Include="yagent.rc">
      <Filter>Resource Files</Filter>
    </ResourceCompile>
  </ItemGroup>
  <ItemGroup>
    <Image Include="..\..\..\binary\image\app.ico">
      <Filter>Resource Files</Filter>
    </Image>
    <Image Include="..\binary\image\app.ico">
      <Filter>Resource Files</Filter>
    </Image>
  </ItemGroup>
  <ItemGroup>
    <ClCompile Include="main.cpp">
      <Filter>Source Files</Filter>
    </ClCompile>
    <ClCompile Include="CAgent.cpp">
      <Filter>Source Files</Filter>
    </ClCompile>
    <ClCompile Include="Misc.cpp">
      <Filter>Source Files</Filter>
    </ClCompile>
    <ClCompile Include="MD5\MD5C.cpp">
      <Filter>Library\MD5</Filter>
    </ClCompile>
    <ClCompile Include="..\module\CService.cpp">
      <Filter>module</Filter>
    </ClCompile>
    <ClCompile Include="Dialog.cpp">
      <Filter>Source Files</Filter>
    </ClCompile>
    <ClCompile Include="Console.cpp">
      <Filter>Source Files</Filter>
    </ClCompile>
    <ClCompile Include="Service.cpp">
      <Filter>Source Files</Filter>
    </ClCompile>
    <ClCompile Include="IPC.cpp">
      <Filter>Source Files</Filter>
    </ClCompile>
    <ClCompile Include="..\module\CDB.cpp">
      <Filter>module</Filter>
    </ClCompile>
    <ClCompile Include="undocumented.cpp">
      <Filter>Source Files</Filter>
    </ClCompile>
  </ItemGroup>
  <ItemGroup>
    <None Include="..\binary\driver\x64\rcdata1.bin">
      <Filter>Resource Files</Filter>
    </None>
    <None Include="..\binary\driver\x64\rcdata2.bin">
      <Filter>Resource Files</Filter>
    </None>
    <None Include="db\event.odb">
      <Filter>Resource Files</Filter>
    </None>
    <None Include="..\binary\driver\x64\orange.sys">
      <Filter>Resource Files</Filter>
    </None>
    <None Include="..\binary\driver\x64\pfilter.sys">
      <Filter>Resource Files</Filter>
    </None>
    <None Include="db\rcdata1.bin">
      <Filter>Resource Files</Filter>
    </None>
    <None Include="db\config.odb" />
  </ItemGroup>
  <ItemGroup>
    <Text Include="opensource.txt">
      <Filter>Resource Files</Filter>
    </Text>
  </ItemGroup>
</Project>