
Microsoft Visual Studio Solution File, Format Version 12.00
# Visual Studio Version 16
VisualStudioVersion = 16.0.30011.22
MinimumVisualStudioVersion = 10.0.40219.1
Project("{2150E333-8FDC-42A3-9474-1A3956D46DE8}") = "app", "app", "{360F90C0-6547-4208-8B23-237DFAF9E7C9}"
EndProject
Project("{2150E333-8FDC-42A3-9474-1A3956D46DE8}") = "driver", "driver", "{BC333447-E18F-46CB-BD53-6E94CA9024FC}"
EndProject
Project("{8BC9CEB8-8B4A-11D0-8D11-00A0C91BC942}") = "yagent", "yagent\yagent.vcxproj", "{E52CC628-ED18-4D27-BF10-B16B44A47FA0}"
	ProjectSection(ProjectDependencies) = postProject
		{A5EB33CE-AD6E-4926-932F-AB8F53686158} = {A5EB33CE-AD6E-4926-932F-AB8F53686158}
	EndProjectSection
EndProject
Project("{8BC9CEB8-8B4A-11D0-8D11-00A0C91BC942}") = "yfilterctrl", "yfilterctrl\yfilterctrl.vcxproj", "{A5EB33CE-AD6E-4926-932F-AB8F53686158}"
EndProject
Project("{8BC9CEB8-8B4A-11D0-8D11-00A0C91BC942}") = "yfilter", "yfilter\yfilter.vcxproj", "{0049B8CF-9324-4C06-B192-CAF5FCBD52E7}"
EndProject
Project("{2150E333-8FDC-42A3-9474-1A3956D46DE8}") = "util", "util", "{D0E10ACB-B7EC-4EDD-B7E0-A0C9F65A42F5}"
EndProject
Project("{8BC9CEB8-8B4A-11D0-8D11-00A0C91BC942}") = "DelOldFiles", "util\DelOldFolders\DelOldFolders.vcxproj", "{24093D1C-7C9F-4636-9A07-AEFCA021F4D0}"
EndProject
Project("{8BC9CEB8-8B4A-11D0-8D11-00A0C91BC942}") = "yagent.common", "common\common.vcxproj", "{71CD5489-E0CE-4D1E-93CA-DFEB01497ED8}"
EndProject
Project("{2150E333-8FDC-42A3-9474-1A3956D46DE8}") = "lib", "lib", "{7F277DB3-0B8C-4500-B48C-CEB7D6299354}"
EndProject
Project("{8BC9CEB8-8B4A-11D0-8D11-00A0C91BC942}") = "reddb", "lib\reddb\reddb.vcxproj", "{181599B0-1CC1-4E11-8D8E-6DD4D262EFB9}"
EndProject
Project("{8BC9CEB8-8B4A-11D0-8D11-00A0C91BC942}") = "reddb", "util\reddb\reddb.vcxproj", "{2E80FB27-D507-4585-A93A-A77DC1A50DAD}"
EndProject
Global
	GlobalSection(SolutionConfigurationPlatforms) = preSolution
		Debug|x64 = Debug|x64
		Debug|x86 = Debug|x86
		Release|x64 = Release|x64
		Release|x86 = Release|x86
	EndGlobalSection
	GlobalSection(ProjectConfigurationPlatforms) = postSolution
		{E52CC628-ED18-4D27-BF10-B16B44A47FA0}.Debug|x64.ActiveCfg = Debug|x64
		{E52CC628-ED18-4D27-BF10-B16B44A47FA0}.Debug|x64.Build.0 = Debug|x64
		{E52CC628-ED18-4D27-BF10-B16B44A47FA0}.Debug|x86.ActiveCfg = Debug|Win32
		{E52CC628-ED18-4D27-BF10-B16B44A47FA0}.Debug|x86.Build.0 = Debug|Win32
		{E52CC628-ED18-4D27-BF10-B16B44A47FA0}.Release|x64.ActiveCfg = Release|x64
		{E52CC628-ED18-4D27-BF10-B16B44A47FA0}.Release|x64.Build.0 = Release|x64
		{E52CC628-ED18-4D27-BF10-B16B44A47FA0}.Release|x86.ActiveCfg = Release|Win32
		{E52CC628-ED18-4D27-BF10-B16B44A47FA0}.Release|x86.Build.0 = Release|Win32
		{A5EB33CE-AD6E-4926-932F-AB8F53686158}.Debug|x64.ActiveCfg = Debug|x64
		{A5EB33CE-AD6E-4926-932F-AB8F53686158}.Debug|x64.Build.0 = Debug|x64
		{A5EB33CE-AD6E-4926-932F-AB8F53686158}.Debug|x64.Deploy.0 = Debug|x64
		{A5EB33CE-AD6E-4926-932F-AB8F53686158}.Debug|x86.ActiveCfg = Debug|Win32
		{A5EB33CE-AD6E-4926-932F-AB8F53686158}.Debug|x86.Build.0 = Debug|Win32
		{A5EB33CE-AD6E-4926-932F-AB8F53686158}.Debug|x86.Deploy.0 = Debug|Win32
		{A5EB33CE-AD6E-4926-932F-AB8F53686158}.Release|x64.ActiveCfg = Release|x64
		{A5EB33CE-AD6E-4926-932F-AB8F53686158}.Release|x64.Build.0 = Release|x64
		{A5EB33CE-AD6E-4926-932F-AB8F53686158}.Release|x86.ActiveCfg = Release|Win32
		{A5EB33CE-AD6E-4926-932F-AB8F53686158}.Release|x86.Build.0 = Release|Win32
		{0049B8CF-9324-4C06-B192-CAF5FCBD52E7}.Debug|x64.ActiveCfg = Debug|x64
		{0049B8CF-9324-4C06-B192-CAF5FCBD52E7}.Debug|x64.Build.0 = Debug|x64
		{0049B8CF-9324-4C06-B192-CAF5FCBD52E7}.Debug|x64.Deploy.0 = Debug|x64
		{0049B8CF-9324-4C06-B192-CAF5FCBD52E7}.Debug|x86.ActiveCfg = Debug|Win32
		{0049B8CF-9324-4C06-B192-CAF5FCBD52E7}.Debug|x86.Build.0 = Debug|Win32
		{0049B8CF-9324-4C06-B192-CAF5FCBD52E7}.Debug|x86.Deploy.0 = Debug|Win32
		{0049B8CF-9324-4C06-B192-CAF5FCBD52E7}.Release|x64.ActiveCfg = Release|x64
		{0049B8CF-9324-4C06-B192-CAF5FCBD52E7}.Release|x64.Build.0 = Release|x64
		{0049B8CF-9324-4C06-B192-CAF5FCBD52E7}.Release|x64.Deploy.0 = Release|x64
		{0049B8CF-9324-4C06-B192-CAF5FCBD52E7}.Release|x86.ActiveCfg = Release|Win32
		{0049B8CF-9324-4C06-B192-CAF5FCBD52E7}.Release|x86.Build.0 = Release|Win32
		{0049B8CF-9324-4C06-B192-CAF5FCBD52E7}.Release|x86.Deploy.0 = Release|Win32
		{24093D1C-7C9F-4636-9A07-AEFCA021F4D0}.Debug|x64.ActiveCfg = Debug|x64
		{24093D1C-7C9F-4636-9A07-AEFCA021F4D0}.Debug|x64.Build.0 = Debug|x64
		{24093D1C-7C9F-4636-9A07-AEFCA021F4D0}.Debug|x86.ActiveCfg = Debug|Win32
		{24093D1C-7C9F-4636-9A07-AEFCA021F4D0}.Debug|x86.Build.0 = Debug|Win32
		{24093D1C-7C9F-4636-9A07-AEFCA021F4D0}.Release|x64.ActiveCfg = Release|x64
		{24093D1C-7C9F-4636-9A07-AEFCA021F4D0}.Release|x64.Build.0 = Release|x64
		{24093D1C-7C9F-4636-9A07-AEFCA021F4D0}.Release|x86.ActiveCfg = Release|Win32
		{24093D1C-7C9F-4636-9A07-AEFCA021F4D0}.Release|x86.Build.0 = Release|Win32
		{71CD5489-E0CE-4D1E-93CA-DFEB01497ED8}.Debug|x64.ActiveCfg = Debug|x64
		{71CD5489-E0CE-4D1E-93CA-DFEB01497ED8}.Debug|x64.Build.0 = Debug|x64
		{71CD5489-E0CE-4D1E-93CA-DFEB01497ED8}.Debug|x86.ActiveCfg = Debug|Win32
		{71CD5489-E0CE-4D1E-93CA-DFEB01497ED8}.Debug|x86.Build.0 = Debug|Win32
		{71CD5489-E0CE-4D1E-93CA-DFEB01497ED8}.Release|x64.ActiveCfg = Release|x64
		{71CD5489-E0CE-4D1E-93CA-DFEB01497ED8}.Release|x64.Build.0 = Release|x64
		{71CD5489-E0CE-4D1E-93CA-DFEB01497ED8}.Release|x86.ActiveCfg = Release|Win32
		{71CD5489-E0CE-4D1E-93CA-DFEB01497ED8}.Release|x86.Build.0 = Release|Win32
		{181599B0-1CC1-4E11-8D8E-6DD4D262EFB9}.Debug|x64.ActiveCfg = Debug|x64
		{181599B0-1CC1-4E11-8D8E-6DD4D262EFB9}.Debug|x64.Build.0 = Debug|x64
		{181599B0-1CC1-4E11-8D8E-6DD4D262EFB9}.Debug|x86.ActiveCfg = Debug|Win32
		{181599B0-1CC1-4E11-8D8E-6DD4D262EFB9}.Debug|x86.Build.0 = Debug|Win32
		{181599B0-1CC1-4E11-8D8E-6DD4D262EFB9}.Release|x64.ActiveCfg = Release|x64
		{181599B0-1CC1-4E11-8D8E-6DD4D262EFB9}.Release|x64.Build.0 = Release|x64
		{181599B0-1CC1-4E11-8D8E-6DD4D262EFB9}.Release|x86.ActiveCfg = Release|Win32
		{181599B0-1CC1-4E11-8D8E-6DD4D262EFB9}.Release|x86.Build.0 = Release|Win32
		{2E80FB27-D507-4585-A93A-A77DC1A50DAD}.Debug|x64.ActiveCfg = Debug|x64
		{2E80FB27-D507-4585-A93A-A77DC1A50DAD}.Debug|x64.Build.0 = Debug|x64
		{2E80FB27-D507-4585-A93A-A77DC1A50DAD}.Debug|x86.ActiveCfg = Debug|Win32
		{2E80FB27-D507-4585-A93A-A77DC1A50DAD}.Debug|x86.Build.0 = Debug|Win32
		{2E80FB27-D507-4585-A93A-A77DC1A50DAD}.Release|x64.ActiveCfg = Release|x64
		{2E80FB27-D507-4585-A93A-A77DC1A50DAD}.Release|x64.Build.0 = Release|x64
		{2E80FB27-D507-4585-A93A-A77DC1A50DAD}.Release|x86.ActiveCfg = Release|Win32
		{2E80FB27-D507-4585-A93A-A77DC1A50DAD}.Release|x86.Build.0 = Release|Win32
	EndGlobalSection
	GlobalSection(SolutionProperties) = preSolution
		HideSolutionNode = FALSE
	EndGlobalSection
	GlobalSection(NestedProjects) = preSolution
		{E52CC628-ED18-4D27-BF10-B16B44A47FA0} = {360F90C0-6547-4208-8B23-237DFAF9E7C9}
		{A5EB33CE-AD6E-4926-932F-AB8F53686158} = {BC333447-E18F-46CB-BD53-6E94CA9024FC}
		{0049B8CF-9324-4C06-B192-CAF5FCBD52E7} = {BC333447-E18F-46CB-BD53-6E94CA9024FC}
		{24093D1C-7C9F-4636-9A07-AEFCA021F4D0} = {D0E10ACB-B7EC-4EDD-B7E0-A0C9F65A42F5}
		{71CD5489-E0CE-4D1E-93CA-DFEB01497ED8} = {360F90C0-6547-4208-8B23-237DFAF9E7C9}
		{181599B0-1CC1-4E11-8D8E-6DD4D262EFB9} = {7F277DB3-0B8C-4500-B48C-CEB7D6299354}
		{2E80FB27-D507-4585-A93A-A77DC1A50DAD} = {D0E10ACB-B7EC-4EDD-B7E0-A0C9F65A42F5}
	EndGlobalSection
	GlobalSection(ExtensibilityGlobals) = postSolution
		SolutionGuid = {90E89D73-9AE9-42CC-83CA-F7F12B645698}
	EndGlobalSection
EndGlobal
